
Microsoft Visual Studio Solution File, Format Version 12.00
# Visual Studio 15
VisualStudioVersion = 15.0.27703.2035
MinimumVisualStudioVersion = 10.0.40219.1
Project("{FAE04EC0-301F-11D3-BF4B-00C04F79EFBC}") = "MiniClock", "MiniClock\MiniClock.csproj", "{0908FC98-4AF6-435E-A612-8BAA8292076C}"
EndProject
Global
	GlobalSection(SolutionConfigurationPlatforms) = preSolution
		Debug|Any CPU = Debug|Any CPU
		Release|Any CPU = Release|Any CPU
	EndGlobalSection
	GlobalSection(ProjectConfigurationPlatforms) = postSolution
		{0908FC98-4AF6-435E-A612-8BAA8292076C}.Debug|Any CPU.ActiveCfg = Debug|Any CPU
		{0908FC98-4AF6-435E-A612-8BAA8292076C}.Debug|Any CPU.Build.0 = Debug|Any CPU
		{0908FC98-4AF6-435E-A612-8BAA8292076C}.Release|Any CPU.ActiveCfg = Release|Any CPU
		{0908FC98-4AF6-435E-A612-8BAA8292076C}.Release|Any CPU.Build.0 = Release|Any CPU
	EndGlobalSection
	GlobalSection(SolutionProperties) = preSolution
		HideSolutionNode = FALSE
	EndGlobalSection
	GlobalSection(ExtensibilityGlobals) = postSolution
		SolutionGuid = {CBDA6E30-B88C-4CCC-955C-8AC37125437F}
	EndGlobalSection
EndGlobal
